// !$*UTF8*$!
{
	archiveVersion = 1;
	classes = {
	};
	objectVersion = 56;
	objects = {

/* Begin PBXBuildFile section */
		05A036B04AD682802BB0FC44 /* Pods_todolist.framework in Frameworks */ = {isa = PBXBuildFile; fileRef = 5F263DC427AC2BB2A0590EF9 /* Pods_todolist.framework */; };
		B2303DB92C61D6AD00BF6A38 /* AppDelegate.swift in Sources */ = {isa = PBXBuildFile; fileRef = B2303DB82C61D6AD00BF6A38 /* AppDelegate.swift */; };
		B2303DC22C61D6AF00BF6A38 /* Assets.xcassets in Resources */ = {isa = PBXBuildFile; fileRef = B2303DC12C61D6AF00BF6A38 /* Assets.xcassets */; };
		B2303DC52C61D6AF00BF6A38 /* Base in Resources */ = {isa = PBXBuildFile; fileRef = B2303DC42C61D6AF00BF6A38 /* Base */; };
		B2303DD02C61D6FC00BF6A38 /* TodoListVC.swift in Sources */ = {isa = PBXBuildFile; fileRef = B2303DCF2C61D6FC00BF6A38 /* TodoListVC.swift */; };
		B2303DD52C61E11A00BF6A38 /* TaskModel.swift in Sources */ = {isa = PBXBuildFile; fileRef = B2303DD42C61E11A00BF6A38 /* TaskModel.swift */; };
		B2303DD72C61E22B00BF6A38 /* TodoListVM.swift in Sources */ = {isa = PBXBuildFile; fileRef = B2303DD62C61E22B00BF6A38 /* TodoListVM.swift */; };
		B2303DDB2C61E74F00BF6A38 /* Date+ext.swift in Sources */ = {isa = PBXBuildFile; fileRef = B2303DDA2C61E74F00BF6A38 /* Date+ext.swift */; };
		B2303DDE2C61FB1800BF6A38 /* TaskCell.swift in Sources */ = {isa = PBXBuildFile; fileRef = B2303DDD2C61FB1800BF6A38 /* TaskCell.swift */; };
		B2303DE02C61FC8500BF6A38 /* UIView+Ext.swift in Sources */ = {isa = PBXBuildFile; fileRef = B2303DDF2C61FC8500BF6A38 /* UIView+Ext.swift */; };
		B2303DE22C6202CE00BF6A38 /* CheckboxView.swift in Sources */ = {isa = PBXBuildFile; fileRef = B2303DE12C6202CE00BF6A38 /* CheckboxView.swift */; };
		B2303DE42C62210C00BF6A38 /* CreateTaskVC.swift in Sources */ = {isa = PBXBuildFile; fileRef = B2303DE32C62210C00BF6A38 /* CreateTaskVC.swift */; };
		B2303DE62C62215700BF6A38 /* Router.swift in Sources */ = {isa = PBXBuildFile; fileRef = B2303DE52C62215700BF6A38 /* Router.swift */; };
		B2303DEA2C6226E300BF6A38 /* UIImageView+Ext.swift in Sources */ = {isa = PBXBuildFile; fileRef = B2303DE92C6226E300BF6A38 /* UIImageView+Ext.swift */; };
		B2303DEC2C62328300BF6A38 /* DatePickerVC.swift in Sources */ = {isa = PBXBuildFile; fileRef = B2303DEB2C62328300BF6A38 /* DatePickerVC.swift */; };
		B2303DEE2C6246F300BF6A38 /* BasePickerVC.swift in Sources */ = {isa = PBXBuildFile; fileRef = B2303DED2C6246F300BF6A38 /* BasePickerVC.swift */; };
		B26FA4972C6311A900149480 /* MySnackbar.swift in Sources */ = {isa = PBXBuildFile; fileRef = B26FA4962C6311A900149480 /* MySnackbar.swift */; };
		B2B7FB872C62491C0010B6B1 /* TimePickerVC.swift in Sources */ = {isa = PBXBuildFile; fileRef = B2B7FB862C62491C0010B6B1 /* TimePickerVC.swift */; };
/* End PBXBuildFile section */

/* Begin PBXFileReference section */
		5F263DC427AC2BB2A0590EF9 /* Pods_todolist.framework */ = {isa = PBXFileReference; explicitFileType = wrapper.framework; includeInIndex = 0; path = Pods_todolist.framework; sourceTree = BUILT_PRODUCTS_DIR; };
		8B54A6F7A0D2EB320FFD1670 /* Pods-todolist.release.xcconfig */ = {isa = PBXFileReference; includeInIndex = 1; lastKnownFileType = text.xcconfig; name = "Pods-todolist.release.xcconfig"; path = "Target Support Files/Pods-todolist/Pods-todolist.release.xcconfig"; sourceTree = "<group>"; };
		B2303DB52C61D6AD00BF6A38 /* todolist.app */ = {isa = PBXFileReference; explicitFileType = wrapper.application; includeInIndex = 0; path = todolist.app; sourceTree = BUILT_PRODUCTS_DIR; };
		B2303DB82C61D6AD00BF6A38 /* AppDelegate.swift */ = {isa = PBXFileReference; lastKnownFileType = sourcecode.swift; path = AppDelegate.swift; sourceTree = "<group>"; };
		B2303DC12C61D6AF00BF6A38 /* Assets.xcassets */ = {isa = PBXFileReference; lastKnownFileType = folder.assetcatalog; path = Assets.xcassets; sourceTree = "<group>"; };
		B2303DC42C61D6AF00BF6A38 /* Base */ = {isa = PBXFileReference; lastKnownFileType = file.storyboard; name = Base; path = Base.lproj/LaunchScreen.storyboard; sourceTree = "<group>"; };
		B2303DC62C61D6AF00BF6A38 /* Info.plist */ = {isa = PBXFileReference; lastKnownFileType = text.plist.xml; path = Info.plist; sourceTree = "<group>"; };
		B2303DCF2C61D6FC00BF6A38 /* TodoListVC.swift */ = {isa = PBXFileReference; lastKnownFileType = sourcecode.swift; path = TodoListVC.swift; sourceTree = "<group>"; };
		B2303DD42C61E11A00BF6A38 /* TaskModel.swift */ = {isa = PBXFileReference; lastKnownFileType = sourcecode.swift; path = TaskModel.swift; sourceTree = "<group>"; };
		B2303DD62C61E22B00BF6A38 /* TodoListVM.swift */ = {isa = PBXFileReference; lastKnownFileType = sourcecode.swift; path = TodoListVM.swift; sourceTree = "<group>"; };
		B2303DDA2C61E74F00BF6A38 /* Date+ext.swift */ = {isa = PBXFileReference; lastKnownFileType = sourcecode.swift; path = "Date+ext.swift"; sourceTree = "<group>"; };
		B2303DDD2C61FB1800BF6A38 /* TaskCell.swift */ = {isa = PBXFileReference; lastKnownFileType = sourcecode.swift; path = TaskCell.swift; sourceTree = "<group>"; };
		B2303DDF2C61FC8500BF6A38 /* UIView+Ext.swift */ = {isa = PBXFileReference; lastKnownFileType = sourcecode.swift; path = "UIView+Ext.swift"; sourceTree = "<group>"; };
		B2303DE12C6202CE00BF6A38 /* CheckboxView.swift */ = {isa = PBXFileReference; lastKnownFileType = sourcecode.swift; path = CheckboxView.swift; sourceTree = "<group>"; };
		B2303DE32C62210C00BF6A38 /* CreateTaskVC.swift */ = {isa = PBXFileReference; lastKnownFileType = sourcecode.swift; path = CreateTaskVC.swift; sourceTree = "<group>"; };
		B2303DE52C62215700BF6A38 /* Router.swift */ = {isa = PBXFileReference; lastKnownFileType = sourcecode.swift; path = Router.swift; sourceTree = "<group>"; };
		B2303DE92C6226E300BF6A38 /* UIImageView+Ext.swift */ = {isa = PBXFileReference; lastKnownFileType = sourcecode.swift; path = "UIImageView+Ext.swift"; sourceTree = "<group>"; };
		B2303DEB2C62328300BF6A38 /* DatePickerVC.swift */ = {isa = PBXFileReference; lastKnownFileType = sourcecode.swift; path = DatePickerVC.swift; sourceTree = "<group>"; };
		B2303DED2C6246F300BF6A38 /* BasePickerVC.swift */ = {isa = PBXFileReference; lastKnownFileType = sourcecode.swift; path = BasePickerVC.swift; sourceTree = "<group>"; };
		B26FA4962C6311A900149480 /* MySnackbar.swift */ = {isa = PBXFileReference; lastKnownFileType = sourcecode.swift; path = MySnackbar.swift; sourceTree = "<group>"; };
		B2B7FB862C62491C0010B6B1 /* TimePickerVC.swift */ = {isa = PBXFileReference; lastKnownFileType = sourcecode.swift; path = TimePickerVC.swift; sourceTree = "<group>"; };
		D6F2270FD7C879B9A7F63C33 /* Pods-todolist.debug.xcconfig */ = {isa = PBXFileReference; includeInIndex = 1; lastKnownFileType = text.xcconfig; name = "Pods-todolist.debug.xcconfig"; path = "Target Support Files/Pods-todolist/Pods-todolist.debug.xcconfig"; sourceTree = "<group>"; };
/* End PBXFileReference section */

/* Begin PBXFrameworksBuildPhase section */
		B2303DB22C61D6AD00BF6A38 /* Frameworks */ = {
			isa = PBXFrameworksBuildPhase;
			buildActionMask = 2147483647;
			files = (
				05A036B04AD682802BB0FC44 /* Pods_todolist.framework in Frameworks */,
			);
			runOnlyForDeploymentPostprocessing = 0;
		};
/* End PBXFrameworksBuildPhase section */

/* Begin PBXGroup section */
		73D0899B09C692965BE3F665 /* Pods */ = {
			isa = PBXGroup;
			children = (
				D6F2270FD7C879B9A7F63C33 /* Pods-todolist.debug.xcconfig */,
				8B54A6F7A0D2EB320FFD1670 /* Pods-todolist.release.xcconfig */,
			);
			path = Pods;
			sourceTree = "<group>";
		};
		A6FC5487C14FF4C65CC1E804 /* Frameworks */ = {
			isa = PBXGroup;
			children = (
				5F263DC427AC2BB2A0590EF9 /* Pods_todolist.framework */,
			);
			name = Frameworks;
			sourceTree = "<group>";
		};
		B2303DAC2C61D6AD00BF6A38 = {
			isa = PBXGroup;
			children = (
				B2303DB72C61D6AD00BF6A38 /* todolist */,
				B2303DB62C61D6AD00BF6A38 /* Products */,
				73D0899B09C692965BE3F665 /* Pods */,
				A6FC5487C14FF4C65CC1E804 /* Frameworks */,
			);
			sourceTree = "<group>";
		};
		B2303DB62C61D6AD00BF6A38 /* Products */ = {
			isa = PBXGroup;
			children = (
				B2303DB52C61D6AD00BF6A38 /* todolist.app */,
			);
			name = Products;
			sourceTree = "<group>";
		};
		B2303DB72C61D6AD00BF6A38 /* todolist */ = {
			isa = PBXGroup;
			children = (
				B2303DC62C61D6AF00BF6A38 /* Info.plist */,
				B2303DB82C61D6AD00BF6A38 /* AppDelegate.swift */,
				B2303DC12C61D6AF00BF6A38 /* Assets.xcassets */,
				B2303DD82C61E73300BF6A38 /* Core */,
				B2303DCC2C61D6E100BF6A38 /* Feature */,
				B2303DC32C61D6AF00BF6A38 /* LaunchScreen.storyboard */,
				B2303DD32C61E0FF00BF6A38 /* Model */,
				B2303DDC2C61FB0100BF6A38 /* Views */,
			);
			path = todolist;
			sourceTree = "<group>";
		};
		B2303DCC2C61D6E100BF6A38 /* Feature */ = {
			isa = PBXGroup;
			children = (
				B2303DCD2C61D6E500BF6A38 /* List */,
				B2303DCE2C61D6EA00BF6A38 /* Form */,
			);
			path = Feature;
			sourceTree = "<group>";
		};
		B2303DCD2C61D6E500BF6A38 /* List */ = {
			isa = PBXGroup;
			children = (
				B2303DCF2C61D6FC00BF6A38 /* TodoListVC.swift */,
				B2303DD62C61E22B00BF6A38 /* TodoListVM.swift */,
			);
			path = List;
			sourceTree = "<group>";
		};
		B2303DCE2C61D6EA00BF6A38 /* Form */ = {
			isa = PBXGroup;
			children = (
				B2303DE32C62210C00BF6A38 /* CreateTaskVC.swift */,
				B2303DEB2C62328300BF6A38 /* DatePickerVC.swift */,
				B2303DED2C6246F300BF6A38 /* BasePickerVC.swift */,
				B2B7FB862C62491C0010B6B1 /* TimePickerVC.swift */,
			);
			path = Form;
			sourceTree = "<group>";
		};
		B2303DD32C61E0FF00BF6A38 /* Model */ = {
			isa = PBXGroup;
			children = (
				B2303DD42C61E11A00BF6A38 /* TaskModel.swift */,
			);
			path = Model;
			sourceTree = "<group>";
		};
		B2303DD82C61E73300BF6A38 /* Core */ = {
			isa = PBXGroup;
			children = (
				B2303DD92C61E74300BF6A38 /* Extensions */,
				B2303DE52C62215700BF6A38 /* Router.swift */,
				B26FA4962C6311A900149480 /* MySnackbar.swift */,
			);
			path = Core;
			sourceTree = "<group>";
		};
		B2303DD92C61E74300BF6A38 /* Extensions */ = {
			isa = PBXGroup;
			children = (
				B2303DDA2C61E74F00BF6A38 /* Date+ext.swift */,
				B2303DDF2C61FC8500BF6A38 /* UIView+Ext.swift */,
				B2303DE92C6226E300BF6A38 /* UIImageView+Ext.swift */,
			);
			path = Extensions;
			sourceTree = "<group>";
		};
		B2303DDC2C61FB0100BF6A38 /* Views */ = {
			isa = PBXGroup;
			children = (
				B2303DDD2C61FB1800BF6A38 /* TaskCell.swift */,
				B2303DE12C6202CE00BF6A38 /* CheckboxView.swift */,
			);
			path = Views;
			sourceTree = "<group>";
		};
/* End PBXGroup section */

/* Begin PBXNativeTarget section */
		B2303DB42C61D6AD00BF6A38 /* todolist */ = {
			isa = PBXNativeTarget;
			buildConfigurationList = B2303DC92C61D6AF00BF6A38 /* Build configuration list for PBXNativeTarget "todolist" */;
			buildPhases = (
				D0F0E1E4BAB312D8D7B297C4 /* [CP] Check Pods Manifest.lock */,
				B2303DB12C61D6AD00BF6A38 /* Sources */,
				B2303DB22C61D6AD00BF6A38 /* Frameworks */,
				B2303DB32C61D6AD00BF6A38 /* Resources */,
				15B85605C19F8F0463881564 /* [CP] Copy Pods Resources */,
			);
			buildRules = (
			);
			dependencies = (
			);
			name = todolist;
			productName = todolist;
			productReference = B2303DB52C61D6AD00BF6A38 /* todolist.app */;
			productType = "com.apple.product-type.application";
		};
/* End PBXNativeTarget section */

/* Begin PBXProject section */
		B2303DAD2C61D6AD00BF6A38 /* Project object */ = {
			isa = PBXProject;
			attributes = {
				BuildIndependentTargetsInParallel = 1;
				LastSwiftUpdateCheck = 1530;
				LastUpgradeCheck = 1530;
				TargetAttributes = {
					B2303DB42C61D6AD00BF6A38 = {
						CreatedOnToolsVersion = 15.3;
					};
				};
			};
			buildConfigurationList = B2303DB02C61D6AD00BF6A38 /* Build configuration list for PBXProject "todolist" */;
			compatibilityVersion = "Xcode 14.0";
			developmentRegion = en;
			hasScannedForEncodings = 0;
			knownRegions = (
				en,
				Base,
			);
			mainGroup = B2303DAC2C61D6AD00BF6A38;
			productRefGroup = B2303DB62C61D6AD00BF6A38 /* Products */;
			projectDirPath = "";
			projectRoot = "";
			targets = (
				B2303DB42C61D6AD00BF6A38 /* todolist */,
			);
		};
/* End PBXProject section */

/* Begin PBXResourcesBuildPhase section */
		B2303DB32C61D6AD00BF6A38 /* Resources */ = {
			isa = PBXResourcesBuildPhase;
			buildActionMask = 2147483647;
			files = (
				B2303DC22C61D6AF00BF6A38 /* Assets.xcassets in Resources */,
				B2303DC52C61D6AF00BF6A38 /* Base in Resources */,
			);
			runOnlyForDeploymentPostprocessing = 0;
		};
/* End PBXResourcesBuildPhase section */

/* Begin PBXShellScriptBuildPhase section */
		15B85605C19F8F0463881564 /* [CP] Copy Pods Resources */ = {
			isa = PBXShellScriptBuildPhase;
			buildActionMask = 2147483647;
			files = (
			);
			inputFileListPaths = (
				"${PODS_ROOT}/Target Support Files/Pods-todolist/Pods-todolist-resources-${CONFIGURATION}-input-files.xcfilelist",
			);
			name = "[CP] Copy Pods Resources";
			outputFileListPaths = (
				"${PODS_ROOT}/Target Support Files/Pods-todolist/Pods-todolist-resources-${CONFIGURATION}-output-files.xcfilelist",
			);
			runOnlyForDeploymentPostprocessing = 0;
			shellPath = /bin/sh;
			shellScript = "\"${PODS_ROOT}/Target Support Files/Pods-todolist/Pods-todolist-resources.sh\"\n";
			showEnvVarsInLog = 0;
		};
		D0F0E1E4BAB312D8D7B297C4 /* [CP] Check Pods Manifest.lock */ = {
			isa = PBXShellScriptBuildPhase;
			buildActionMask = 2147483647;
			files = (
			);
			inputFileListPaths = (
			);
			inputPaths = (
				"${PODS_PODFILE_DIR_PATH}/Podfile.lock",
				"${PODS_ROOT}/Manifest.lock",
			);
			name = "[CP] Check Pods Manifest.lock";
			outputFileListPaths = (
			);
			outputPaths = (
				"$(DERIVED_FILE_DIR)/Pods-todolist-checkManifestLockResult.txt",
			);
			runOnlyForDeploymentPostprocessing = 0;
			shellPath = /bin/sh;
			shellScript = "diff \"${PODS_PODFILE_DIR_PATH}/Podfile.lock\" \"${PODS_ROOT}/Manifest.lock\" > /dev/null\nif [ $? != 0 ] ; then\n    # print error to STDERR\n    echo \"error: The sandbox is not in sync with the Podfile.lock. Run 'pod install' or update your CocoaPods installation.\" >&2\n    exit 1\nfi\n# This output is used by Xcode 'outputs' to avoid re-running this script phase.\necho \"SUCCESS\" > \"${SCRIPT_OUTPUT_FILE_0}\"\n";
			showEnvVarsInLog = 0;
		};
/* End PBXShellScriptBuildPhase section */

/* Begin PBXSourcesBuildPhase section */
		B2303DB12C61D6AD00BF6A38 /* Sources */ = {
			isa = PBXSourcesBuildPhase;
			buildActionMask = 2147483647;
			files = (
				B2303DD72C61E22B00BF6A38 /* TodoListVM.swift in Sources */,
				B2303DB92C61D6AD00BF6A38 /* AppDelegate.swift in Sources */,
				B2303DE62C62215700BF6A38 /* Router.swift in Sources */,
				B2B7FB872C62491C0010B6B1 /* TimePickerVC.swift in Sources */,
				B2303DE42C62210C00BF6A38 /* CreateTaskVC.swift in Sources */,
				B2303DD02C61D6FC00BF6A38 /* TodoListVC.swift in Sources */,
				B26FA4972C6311A900149480 /* MySnackbar.swift in Sources */,
				B2303DD52C61E11A00BF6A38 /* TaskModel.swift in Sources */,
				B2303DE02C61FC8500BF6A38 /* UIView+Ext.swift in Sources */,
				B2303DDE2C61FB1800BF6A38 /* TaskCell.swift in Sources */,
				B2303DEA2C6226E300BF6A38 /* UIImageView+Ext.swift in Sources */,
				B2303DDB2C61E74F00BF6A38 /* Date+ext.swift in Sources */,
				B2303DEE2C6246F300BF6A38 /* BasePickerVC.swift in Sources */,
				B2303DEC2C62328300BF6A38 /* DatePickerVC.swift in Sources */,
				B2303DE22C6202CE00BF6A38 /* CheckboxView.swift in Sources */,
			);
			runOnlyForDeploymentPostprocessing = 0;
		};
/* End PBXSourcesBuildPhase section */

/* Begin PBXVariantGroup section */
		B2303DC32C61D6AF00BF6A38 /* LaunchScreen.storyboard */ = {
			isa = PBXVariantGroup;
			children = (
				B2303DC42C61D6AF00BF6A38 /* Base */,
			);
			name = LaunchScreen.storyboard;
			sourceTree = "<group>";
		};
/* End PBXVariantGroup section */

/* Begin XCBuildConfiguration section */
		B2303DC72C61D6AF00BF6A38 /* Debug */ = {
			isa = XCBuildConfiguration;
			buildSettings = {
				ALWAYS_SEARCH_USER_PATHS = NO;
				ASSETCATALOG_COMPILER_GENERATE_SWIFT_ASSET_SYMBOL_EXTENSIONS = YES;
				CLANG_ANALYZER_NONNULL = YES;
				CLANG_ANALYZER_NUMBER_OBJECT_CONVERSION = YES_AGGRESSIVE;
				CLANG_CXX_LANGUAGE_STANDARD = "gnu++20";
				CLANG_ENABLE_MODULES = YES;
				CLANG_ENABLE_OBJC_ARC = YES;
				CLANG_ENABLE_OBJC_WEAK = YES;
				CLANG_WARN_BLOCK_CAPTURE_AUTORELEASING = YES;
				CLANG_WARN_BOOL_CONVERSION = YES;
				CLANG_WARN_COMMA = YES;
				CLANG_WARN_CONSTANT_CONVERSION = YES;
				CLANG_WARN_DEPRECATED_OBJC_IMPLEMENTATIONS = YES;
				CLANG_WARN_DIRECT_OBJC_ISA_USAGE = YES_ERROR;
				CLANG_WARN_DOCUMENTATION_COMMENTS = YES;
				CLANG_WARN_EMPTY_BODY = YES;
				CLANG_WARN_ENUM_CONVERSION = YES;
				CLANG_WARN_INFINITE_RECURSION = YES;
				CLANG_WARN_INT_CONVERSION = YES;
				CLANG_WARN_NON_LITERAL_NULL_CONVERSION = YES;
				CLANG_WARN_OBJC_IMPLICIT_RETAIN_SELF = YES;
				CLANG_WARN_OBJC_LITERAL_CONVERSION = YES;
				CLANG_WARN_OBJC_ROOT_CLASS = YES_ERROR;
				CLANG_WARN_QUOTED_INCLUDE_IN_FRAMEWORK_HEADER = YES;
				CLANG_WARN_RANGE_LOOP_ANALYSIS = YES;
				CLANG_WARN_STRICT_PROTOTYPES = YES;
				CLANG_WARN_SUSPICIOUS_MOVE = YES;
				CLANG_WARN_UNGUARDED_AVAILABILITY = YES_AGGRESSIVE;
				CLANG_WARN_UNREACHABLE_CODE = YES;
				CLANG_WARN__DUPLICATE_METHOD_MATCH = YES;
				COPY_PHASE_STRIP = NO;
				DEBUG_INFORMATION_FORMAT = dwarf;
				ENABLE_STRICT_OBJC_MSGSEND = YES;
				ENABLE_TESTABILITY = YES;
				ENABLE_USER_SCRIPT_SANDBOXING = YES;
				GCC_C_LANGUAGE_STANDARD = gnu17;
				GCC_DYNAMIC_NO_PIC = NO;
				GCC_NO_COMMON_BLOCKS = YES;
				GCC_OPTIMIZATION_LEVEL = 0;
				GCC_PREPROCESSOR_DEFINITIONS = (
					"DEBUG=1",
					"$(inherited)",
				);
				GCC_WARN_64_TO_32_BIT_CONVERSION = YES;
				GCC_WARN_ABOUT_RETURN_TYPE = YES_ERROR;
				GCC_WARN_UNDECLARED_SELECTOR = YES;
				GCC_WARN_UNINITIALIZED_AUTOS = YES_AGGRESSIVE;
				GCC_WARN_UNUSED_FUNCTION = YES;
				GCC_WARN_UNUSED_VARIABLE = YES;
				IPHONEOS_DEPLOYMENT_TARGET = 17.4;
				LOCALIZATION_PREFERS_STRING_CATALOGS = YES;
				MTL_ENABLE_DEBUG_INFO = INCLUDE_SOURCE;
				MTL_FAST_MATH = YES;
				ONLY_ACTIVE_ARCH = YES;
				SDKROOT = iphoneos;
				SWIFT_ACTIVE_COMPILATION_CONDITIONS = "DEBUG $(inherited)";
				SWIFT_OPTIMIZATION_LEVEL = "-Onone";
			};
			name = Debug;
		};
		B2303DC82C61D6AF00BF6A38 /* Release */ = {
			isa = XCBuildConfiguration;
			buildSettings = {
				ALWAYS_SEARCH_USER_PATHS = NO;
				ASSETCATALOG_COMPILER_GENERATE_SWIFT_ASSET_SYMBOL_EXTENSIONS = YES;
				CLANG_ANALYZER_NONNULL = YES;
				CLANG_ANALYZER_NUMBER_OBJECT_CONVERSION = YES_AGGRESSIVE;
				CLANG_CXX_LANGUAGE_STANDARD = "gnu++20";
				CLANG_ENABLE_MODULES = YES;
				CLANG_ENABLE_OBJC_ARC = YES;
				CLANG_ENABLE_OBJC_WEAK = YES;
				CLANG_WARN_BLOCK_CAPTURE_AUTORELEASING = YES;
				CLANG_WARN_BOOL_CONVERSION = YES;
				CLANG_WARN_COMMA = YES;
				CLANG_WARN_CONSTANT_CONVERSION = YES;
				CLANG_WARN_DEPRECATED_OBJC_IMPLEMENTATIONS = YES;
				CLANG_WARN_DIRECT_OBJC_ISA_USAGE = YES_ERROR;
				CLANG_WARN_DOCUMENTATION_COMMENTS = YES;
				CLANG_WARN_EMPTY_BODY = YES;
				CLANG_WARN_ENUM_CONVERSION = YES;
				CLANG_WARN_INFINITE_RECURSION = YES;
				CLANG_WARN_INT_CONVERSION = YES;
				CLANG_WARN_NON_LITERAL_NULL_CONVERSION = YES;
				CLANG_WARN_OBJC_IMPLICIT_RETAIN_SELF = YES;
				CLANG_WARN_OBJC_LITERAL_CONVERSION = YES;
				CLANG_WARN_OBJC_ROOT_CLASS = YES_ERROR;
				CLANG_WARN_QUOTED_INCLUDE_IN_FRAMEWORK_HEADER = YES;
				CLANG_WARN_RANGE_LOOP_ANALYSIS = YES;
				CLANG_WARN_STRICT_PROTOTYPES = YES;
				CLANG_WARN_SUSPICIOUS_MOVE = YES;
				CLANG_WARN_UNGUARDED_AVAILABILITY = YES_AGGRESSIVE;
				CLANG_WARN_UNREACHABLE_CODE = YES;
				CLANG_WARN__DUPLICATE_METHOD_MATCH = YES;
				COPY_PHASE_STRIP = NO;
				DEBUG_INFORMATION_FORMAT = "dwarf-with-dsym";
				ENABLE_NS_ASSERTIONS = NO;
				ENABLE_STRICT_OBJC_MSGSEND = YES;
				ENABLE_USER_SCRIPT_SANDBOXING = YES;
				GCC_C_LANGUAGE_STANDARD = gnu17;
				GCC_NO_COMMON_BLOCKS = YES;
				GCC_WARN_64_TO_32_BIT_CONVERSION = YES;
				GCC_WARN_ABOUT_RETURN_TYPE = YES_ERROR;
				GCC_WARN_UNDECLARED_SELECTOR = YES;
				GCC_WARN_UNINITIALIZED_AUTOS = YES_AGGRESSIVE;
				GCC_WARN_UNUSED_FUNCTION = YES;
				GCC_WARN_UNUSED_VARIABLE = YES;
				IPHONEOS_DEPLOYMENT_TARGET = 17.4;
				LOCALIZATION_PREFERS_STRING_CATALOGS = YES;
				MTL_ENABLE_DEBUG_INFO = NO;
				MTL_FAST_MATH = YES;
				SDKROOT = iphoneos;
				SWIFT_COMPILATION_MODE = wholemodule;
				VALIDATE_PRODUCT = YES;
			};
			name = Release;
		};
		B2303DCA2C61D6AF00BF6A38 /* Debug */ = {
			isa = XCBuildConfiguration;
			baseConfigurationReference = D6F2270FD7C879B9A7F63C33 /* Pods-todolist.debug.xcconfig */;
			buildSettings = {
				ASSETCATALOG_COMPILER_APPICON_NAME = AppIcon;
				ASSETCATALOG_COMPILER_GLOBAL_ACCENT_COLOR_NAME = AccentColor;
				CODE_SIGN_STYLE = Automatic;
				CURRENT_PROJECT_VERSION = 1;
				DEVELOPMENT_TEAM = U2877NMFBJ;
				ENABLE_USER_SCRIPT_SANDBOXING = NO;
				GENERATE_INFOPLIST_FILE = YES;
				INFOPLIST_FILE = todolist/Info.plist;
				INFOPLIST_KEY_UIApplicationSupportsIndirectInputEvents = YES;
				INFOPLIST_KEY_UILaunchStoryboardName = LaunchScreen;
				INFOPLIST_KEY_UISupportedInterfaceOrientations_iPad = "UIInterfaceOrientationPortrait UIInterfaceOrientationPortraitUpsideDown UIInterfaceOrientationLandscapeLeft UIInterfaceOrientationLandscapeRight";
				INFOPLIST_KEY_UISupportedInterfaceOrientations_iPhone = "UIInterfaceOrientationPortrait UIInterfaceOrientationLandscapeLeft UIInterfaceOrientationLandscapeRight";
				LD_RUNPATH_SEARCH_PATHS = (
					"$(inherited)",
					"@executable_path/Frameworks",
				);
				MARKETING_VERSION = 1.0;
				PRODUCT_BUNDLE_IDENTIFIER = com.aghagha.todolist;
				PRODUCT_NAME = "$(TARGET_NAME)";
				SWIFT_EMIT_LOC_STRINGS = YES;
				SWIFT_VERSION = 5.0;
				TARGETED_DEVICE_FAMILY = "1,2";
			};
			name = Debug;
		};
		B2303DCB2C61D6AF00BF6A38 /* Release */ = {
			isa = XCBuildConfiguration;
			baseConfigurationReference = 8B54A6F7A0D2EB320FFD1670 /* Pods-todolist.release.xcconfig */;
			buildSettings = {
				ASSETCATALOG_COMPILER_APPICON_NAME = AppIcon;
				ASSETCATALOG_COMPILER_GLOBAL_ACCENT_COLOR_NAME = AccentColor;
				CODE_SIGN_STYLE = Automatic;
				CURRENT_PROJECT_VERSION = 1;
				DEVELOPMENT_TEAM = U2877NMFBJ;
				ENABLE_USER_SCRIPT_SANDBOXING = NO;
				GENERATE_INFOPLIST_FILE = YES;
				INFOPLIST_FILE = todolist/Info.plist;
				INFOPLIST_KEY_UIApplicationSupportsIndirectInputEvents = YES;
				INFOPLIST_KEY_UILaunchStoryboardName = LaunchScreen;
				INFOPLIST_KEY_UISupportedInterfaceOrientations_iPad = "UIInterfaceOrientationPortrait UIInterfaceOrientationPortraitUpsideDown UIInterfaceOrientationLandscapeLeft UIInterfaceOrientationLandscapeRight";
				INFOPLIST_KEY_UISupportedInterfaceOrientations_iPhone = "UIInterfaceOrientationPortrait UIInterfaceOrientationLandscapeLeft UIInterfaceOrientationLandscapeRight";
				LD_RUNPATH_SEARCH_PATHS = (
					"$(inherited)",
					"@executable_path/Frameworks",
				);
				MARKETING_VERSION = 1.0;
				PRODUCT_BUNDLE_IDENTIFIER = com.aghagha.todolist;
				PRODUCT_NAME = "$(TARGET_NAME)";
				SWIFT_EMIT_LOC_STRINGS = YES;
				SWIFT_VERSION = 5.0;
				TARGETED_DEVICE_FAMILY = "1,2";
			};
			name = Release;
		};
/* End XCBuildConfiguration section */

/* Begin XCConfigurationList section */
		B2303DB02C61D6AD00BF6A38 /* Build configuration list for PBXProject "todolist" */ = {
			isa = XCConfigurationList;
			buildConfigurations = (
				B2303DC72C61D6AF00BF6A38 /* Debug */,
				B2303DC82C61D6AF00BF6A38 /* Release */,
			);
			defaultConfigurationIsVisible = 0;
			defaultConfigurationName = Release;
		};
		B2303DC92C61D6AF00BF6A38 /* Build configuration list for PBXNativeTarget "todolist" */ = {
			isa = XCConfigurationList;
			buildConfigurations = (
				B2303DCA2C61D6AF00BF6A38 /* Debug */,
				B2303DCB2C61D6AF00BF6A38 /* Release */,
			);
			defaultConfigurationIsVisible = 0;
			defaultConfigurationName = Release;
		};
/* End XCConfigurationList section */
	};
	rootObject = B2303DAD2C61D6AD00BF6A38 /* Project object */;
}
